
Microsoft Visual Studio Solution File, Format Version 12.00
# Visual Studio Version 17
VisualStudioVersion = 17.14.36202.13 d17.14
MinimumVisualStudioVersion = 10.0.40219.1
Project("{FAE04EC0-301F-11D3-BF4B-00C04F79EFBC}") = "PracticeOOPCSharp05", "PracticeOOPCSharp05\PracticeOOPCSharp05.csproj", "{76490608-6C1D-4D7E-8EAD-02B72633C017}"
EndProject
Global
	GlobalSection(SolutionConfigurationPlatforms) = preSolution
		Debug|Any CPU = Debug|Any CPU
		Release|Any CPU = Release|Any CPU
	EndGlobalSection
	GlobalSection(ProjectConfigurationPlatforms) = postSolution
		{76490608-6C1D-4D7E-8EAD-02B72633C017}.Debug|Any CPU.ActiveCfg = Debug|Any CPU
		{76490608-6C1D-4D7E-8EAD-02B72633C017}.Debug|Any CPU.Build.0 = Debug|Any CPU
		{76490608-6C1D-4D7E-8EAD-02B72633C017}.Release|Any CPU.ActiveCfg = Release|Any CPU
		{76490608-6C1D-4D7E-8EAD-02B72633C017}.Release|Any CPU.Build.0 = Release|Any CPU
	EndGlobalSection
	GlobalSection(SolutionProperties) = preSolution
		HideSolutionNode = FALSE
	EndGlobalSection
	GlobalSection(ExtensibilityGlobals) = postSolution
		SolutionGuid = {72BDD54C-97FD-4404-98F8-B1ACB6E1B6A7}
	EndGlobalSection
EndGlobal
